{
  "name": "webview-ui",
  "version": "1.0.0",
  "lockfileVersion": 3,
  "requires": true,
  "packages": {
    "": {
      "name": "webview-ui",
      "version": "1.0.0",
      "dependencies": {
        "@iconify/json": "^2.2.208",
        "@vscode/webview-ui-toolkit": "^1.4.0",
        "iconify-icon": "^2.1.0",
        "react": "^18.2.0",
        "react-dom": "^18.2.0",
        "react-icons": "^5.0.1",
        "tailwindcss": "^4.0.0-alpha.14"
      },
      "devDependencies": {
        "@rsbuild/core": "^0.5.5",
        "@rsbuild/plugin-react": "^0.5.5",
        "@types/react": "^18.2.71",
        "@types/react-dom": "^18.2.22",
        "typescript": "^5.4.2"
      }
    },
    "node_modules/@iconify/json": {
      "version": "2.2.208",
      "resolved": "https://registry.npmjs.org/@iconify/json/-/json-2.2.208.tgz",
      "integrity": "sha512-xGJnQ/bYWWFrnPs/qNCSq9CYHXOBINpV3ctuy0zUucKejdNKnpAwVIzuyDJPt0McvQ6XfdU0rxkzH3rHVF43Vg==",
      "dependencies": {
        "@iconify/types": "*",
        "pathe": "^1.1.2"
      }
    },
    "node_modules/@iconify/types": {
      "version": "2.0.0",
      "resolved": "https://registry.npmjs.org/@iconify/types/-/types-2.0.0.tgz",
      "integrity": "sha512-+wluvCrRhXrhyOmRDJ3q8mux9JkKy5SJ/v8ol2tu4FVjyYvtEzkc/3pK15ET6RKg4b4w4BmTk1+gsCUhf21Ykg=="
    },
    "node_modules/@microsoft/fast-element": {
      "version": "1.12.0",
      "resolved": "https://registry.npmjs.org/@microsoft/fast-element/-/fast-element-1.12.0.tgz",
      "integrity": "sha512-gQutuDHPKNxUEcQ4pypZT4Wmrbapus+P9s3bR/SEOLsMbNqNoXigGImITygI5zhb+aA5rzflM6O8YWkmRbGkPA=="
    },
    "node_modules/@microsoft/fast-foundation": {
      "version": "2.49.5",
      "resolved": "https://registry.npmjs.org/@microsoft/fast-foundation/-/fast-foundation-2.49.5.tgz",
      "integrity": "sha512-3PpG1BNmZ5kUM1goYU3SsxjsM2H7Rk0ZmpDJ7mnRhWDgKiM5SzJ02KvALRUqDrJQoeDnkW0Q2Q+r9SkEd68Gpg==",
      "dependencies": {
        "@microsoft/fast-element": "^1.12.0",
        "@microsoft/fast-web-utilities": "^5.4.1",
        "tabbable": "^5.2.0",
        "tslib": "^1.13.0"
      }
    },
    "node_modules/@microsoft/fast-foundation/node_modules/tslib": {
      "version": "1.14.1",
      "resolved": "https://registry.npmjs.org/tslib/-/tslib-1.14.1.tgz",
      "integrity": "sha512-Xni35NKzjgMrwevysHTCArtLDpPvye8zV/0E4EyYn43P7/7qvQwPh9BGkHewbMulVntbigmcT7rdX3BNo9wRJg=="
    },
    "node_modules/@microsoft/fast-react-wrapper": {
      "version": "0.3.23",
      "resolved": "https://registry.npmjs.org/@microsoft/fast-react-wrapper/-/fast-react-wrapper-0.3.23.tgz",
      "integrity": "sha512-iuL+J2AFKJ1mwUBxSp+bqzt4X93kQwj1jpVgHgw2VRzCOTl7wzta6X+lvRIVg4eoyLfmeVSMkB+q3PD87T/MyQ==",
      "dependencies": {
        "@microsoft/fast-element": "^1.12.0",
        "@microsoft/fast-foundation": "^2.49.5"
      },
      "peerDependencies": {
        "react": ">=16.9.0"
      }
    },
    "node_modules/@microsoft/fast-web-utilities": {
      "version": "5.4.1",
      "resolved": "https://registry.npmjs.org/@microsoft/fast-web-utilities/-/fast-web-utilities-5.4.1.tgz",
      "integrity": "sha512-ReWYncndjV3c8D8iq9tp7NcFNc1vbVHvcBFPME2nNFKNbS1XCesYZGlIlf3ot5EmuOXPlrzUHOWzQ2vFpIkqDg==",
      "dependencies": {
        "exenv-es6": "^1.1.1"
      }
    },
    "node_modules/@module-federation/runtime": {
      "version": "0.0.8",
      "resolved": "https://registry.npmjs.org/@module-federation/runtime/-/runtime-0.0.8.tgz",
      "integrity": "sha512-Hi9g10aHxHdQ7CbchSvke07YegYwkf162XPOmixNmJr5Oy4wVa2d9yIVSrsWFhBRbbvM5iJP6GrSuEq6HFO3ug==",
      "dev": true,
      "dependencies": {
        "@module-federation/sdk": "0.0.8"
      }
    },
    "node_modules/@module-federation/runtime-tools": {
      "version": "0.0.8",
      "resolved": "https://registry.npmjs.org/@module-federation/runtime-tools/-/runtime-tools-0.0.8.tgz",
      "integrity": "sha512-tqx3wlVHnpWLk+vn22c0x9Nv1BqdZnoS6vdMb53IsVpbQIFP70nhhvymHUyFuPkoLzMFidS7GpG58DYT/4lvCw==",
      "dev": true,
      "dependencies": {
        "@module-federation/runtime": "0.0.8",
        "@module-federation/webpack-bundler-runtime": "0.0.8"
      }
    },
    "node_modules/@module-federation/sdk": {
      "version": "0.0.8",
      "resolved": "https://registry.npmjs.org/@module-federation/sdk/-/sdk-0.0.8.tgz",
      "integrity": "sha512-lkasywBItjUTNT0T0IskonDE2E/2tXE9UhUCPVoDL3NteDUSFGg4tpkF+cey1pD8mHh0XJcGrCuOW7s96peeAg==",
      "dev": true
    },
    "node_modules/@module-federation/webpack-bundler-runtime": {
      "version": "0.0.8",
      "resolved": "https://registry.npmjs.org/@module-federation/webpack-bundler-runtime/-/webpack-bundler-runtime-0.0.8.tgz",
      "integrity": "sha512-ULwrTVzF47+6XnWybt6SIq97viEYJRv4P/DByw5h7PSX9PxSGyMm5pHfXdhcb7tno7VknL0t2V8F48fetVL9kA==",
      "dev": true,
      "dependencies": {
        "@module-federation/runtime": "0.0.8",
        "@module-federation/sdk": "0.0.8"
      }
    },
    "node_modules/@rsbuild/core": {
      "version": "0.5.5",
      "resolved": "https://registry.npmjs.org/@rsbuild/core/-/core-0.5.5.tgz",
      "integrity": "sha512-G9pHR4a80G5moXlYHyym3Pb1I8rRrhh+08lW4sQZwsInC616xKR24PnS2RYt9n3L/twi4RfjLQJghNL9rvikGw==",
      "dev": true,
      "dependencies": {
        "@rsbuild/shared": "0.5.5",
        "@rspack/core": "0.5.9-canary-8778e17-20240328104834",
        "@swc/helpers": "0.5.3",
        "core-js": "~3.36.0",
        "html-webpack-plugin": "npm:html-rspack-plugin@5.6.2",
        "postcss": "^8.4.38"
      },
      "bin": {
        "rsbuild": "bin/rsbuild.js"
      },
      "engines": {
        "node": ">=16.0.0"
      }
    },
    "node_modules/@rsbuild/core/node_modules/@rspack/binding": {
      "version": "0.5.9-canary-8778e17-20240328104834",
      "resolved": "https://registry.npmjs.org/@rspack/binding/-/binding-0.5.9-canary-8778e17-20240328104834.tgz",
      "integrity": "sha512-aj7/ybVWFq0rjaLXMJY3ZTZOM/Weng4akWFrPvao3umJRs5lIR2crUKG3PVF1gVH16qL8Ra4GpbaucU0SXY0qQ==",
      "dev": true,
      "optionalDependencies": {
        "@rspack/binding-darwin-arm64": "0.5.9-canary-8778e17-20240328104834",
        "@rspack/binding-darwin-x64": "0.5.9-canary-8778e17-20240328104834",
        "@rspack/binding-linux-x64-gnu": "0.5.9-canary-8778e17-20240328104834",
        "@rspack/binding-win32-x64-msvc": "0.5.9-canary-8778e17-20240328104834"
      }
    },
    "node_modules/@rsbuild/core/node_modules/@rspack/binding-darwin-arm64": {
      "version": "0.5.9-canary-8778e17-20240328104834",
      "resolved": "https://registry.npmjs.org/@rspack/binding-darwin-arm64/-/binding-darwin-arm64-0.5.9-canary-8778e17-20240328104834.tgz",
      "integrity": "sha512-guZbBOQ+YOuhYoZCXKNHKjgDTUb5djCd4DDKa0O7oIZB/YYaaQz5DDzngLWojkFh+P5mLSbl1I8eJVUAxft2PQ==",
      "cpu": [
        "arm64"
      ],
      "dev": true,
      "optional": true,
      "os": [
        "darwin"
      ]
    },
    "node_modules/@rsbuild/core/node_modules/@rspack/binding-darwin-x64": {
      "version": "0.5.9-canary-8778e17-20240328104834",
      "resolved": "https://registry.npmjs.org/@rspack/binding-darwin-x64/-/binding-darwin-x64-0.5.9-canary-8778e17-20240328104834.tgz",
      "integrity": "sha512-2H1d+FEe3sizq9DU3HTvLZAR1NEO0jZY2NosZ2RukkAaXsMel9Sqy6d+egH2un5QXaVV+KbGP0TiEIgB4iOhig==",
      "cpu": [
        "x64"
      ],
      "dev": true,
      "optional": true,
      "os": [
        "darwin"
      ]
    },
    "node_modules/@rsbuild/core/node_modules/@rspack/binding-linux-x64-gnu": {
      "version": "0.5.9-canary-8778e17-20240328104834",
      "resolved": "https://registry.npmjs.org/@rspack/binding-linux-x64-gnu/-/binding-linux-x64-gnu-0.5.9-canary-8778e17-20240328104834.tgz",
      "integrity": "sha512-Yolbu8npW90xVuhY84bzgqNX3/k4xJcTBPjzTQtxNxI2gXvoAroMqY2AQbaccJfvUUEOV0AFN63eT9lIwZ+HUw==",
      "cpu": [
        "x64"
      ],
      "dev": true,
      "optional": true,
      "os": [
        "linux"
      ]
    },
    "node_modules/@rsbuild/core/node_modules/@rspack/binding-win32-x64-msvc": {
      "version": "0.5.9-canary-8778e17-20240328104834",
      "resolved": "https://registry.npmjs.org/@rspack/binding-win32-x64-msvc/-/binding-win32-x64-msvc-0.5.9-canary-8778e17-20240328104834.tgz",
      "integrity": "sha512-X0P47f9nn7s/GZshmKKLzlwir9JowGHnTlInWuStKB4NTcBkcH0TpuOl3mCDA2oksVUAOWC60baHmmMVpoiZPQ==",
      "cpu": [
        "x64"
      ],
      "dev": true,
      "optional": true,
      "os": [
        "win32"
      ]
    },
    "node_modules/@rsbuild/core/node_modules/@rspack/core": {
      "version": "0.5.9-canary-8778e17-20240328104834",
      "resolved": "https://registry.npmjs.org/@rspack/core/-/core-0.5.9-canary-8778e17-20240328104834.tgz",
      "integrity": "sha512-Dzi1OGoGDO9udyH3Msuwhi6j7PlwsPI7Z5MkaiUTuwzkp8zGqNa+zykY8ZCMrbwQ3uDS1HkNlQgT6Oc9HheqhQ==",
      "dev": true,
      "dependencies": {
        "@module-federation/runtime-tools": "0.0.8",
        "@rspack/binding": "0.5.9-canary-8778e17-20240328104834",
        "browserslist": "^4.21.3",
        "enhanced-resolve": "5.12.0",
        "events": "^3.3.0",
        "graceful-fs": "4.2.10",
        "json-parse-even-better-errors": "^3.0.0",
        "neo-async": "2.6.2",
        "tapable": "2.2.1",
        "watchpack": "^2.4.0",
        "webpack-sources": "3.2.3",
        "zod": "^3.21.4",
        "zod-validation-error": "1.3.1"
      },
      "engines": {
        "node": ">=16.0.0"
      },
      "peerDependencies": {
        "@swc/helpers": ">=0.5.1"
      },
      "peerDependenciesMeta": {
        "@swc/helpers": {
          "optional": true
        }
      }
    },
    "node_modules/@rsbuild/plugin-react": {
      "version": "0.5.5",
      "resolved": "https://registry.npmjs.org/@rsbuild/plugin-react/-/plugin-react-0.5.5.tgz",
      "integrity": "sha512-qLBTThztcCUo1Bmr/MxXDxtMESRQMz6yfoHciApHCTxtTGV+sTn2NkkaNhWyOJuVo/45//aDOnkBLFpEFjEstA==",
      "dev": true,
      "dependencies": {
        "@rsbuild/shared": "0.5.5",
        "@rspack/plugin-react-refresh": "0.5.9-canary-8778e17-20240328104834",
        "react-refresh": "^0.14.0"
      },
      "peerDependencies": {
        "@rsbuild/core": "^0.5.5"
      }
    },
    "node_modules/@rsbuild/shared": {
      "version": "0.5.5",
      "resolved": "https://registry.npmjs.org/@rsbuild/shared/-/shared-0.5.5.tgz",
      "integrity": "sha512-M7Lp1tOU410dJKW4LVoiBlhH8T8b4hjsUDi4Kqohep2bKiAtNkIUhFN2Py1Keoh07sWrMuz07PixmwEsi2hC5Q==",
      "dev": true,
      "dependencies": {
        "@rspack/core": "0.5.9-canary-8778e17-20240328104834",
        "caniuse-lite": "^1.0.30001600",
        "postcss": "^8.4.38"
      }
    },
    "node_modules/@rsbuild/shared/node_modules/@rspack/binding": {
      "version": "0.5.9-canary-8778e17-20240328104834",
      "resolved": "https://registry.npmjs.org/@rspack/binding/-/binding-0.5.9-canary-8778e17-20240328104834.tgz",
      "integrity": "sha512-aj7/ybVWFq0rjaLXMJY3ZTZOM/Weng4akWFrPvao3umJRs5lIR2crUKG3PVF1gVH16qL8Ra4GpbaucU0SXY0qQ==",
      "dev": true,
      "optionalDependencies": {
        "@rspack/binding-darwin-arm64": "0.5.9-canary-8778e17-20240328104834",
        "@rspack/binding-darwin-x64": "0.5.9-canary-8778e17-20240328104834",
        "@rspack/binding-linux-x64-gnu": "0.5.9-canary-8778e17-20240328104834",
        "@rspack/binding-win32-x64-msvc": "0.5.9-canary-8778e17-20240328104834"
      }
    },
    "node_modules/@rsbuild/shared/node_modules/@rspack/binding-darwin-arm64": {
      "version": "0.5.9-canary-8778e17-20240328104834",
      "resolved": "https://registry.npmjs.org/@rspack/binding-darwin-arm64/-/binding-darwin-arm64-0.5.9-canary-8778e17-20240328104834.tgz",
      "integrity": "sha512-guZbBOQ+YOuhYoZCXKNHKjgDTUb5djCd4DDKa0O7oIZB/YYaaQz5DDzngLWojkFh+P5mLSbl1I8eJVUAxft2PQ==",
      "cpu": [
        "arm64"
      ],
      "dev": true,
      "optional": true,
      "os": [
        "darwin"
      ]
    },
    "node_modules/@rsbuild/shared/node_modules/@rspack/binding-darwin-x64": {
      "version": "0.5.9-canary-8778e17-20240328104834",
      "resolved": "https://registry.npmjs.org/@rspack/binding-darwin-x64/-/binding-darwin-x64-0.5.9-canary-8778e17-20240328104834.tgz",
      "integrity": "sha512-2H1d+FEe3sizq9DU3HTvLZAR1NEO0jZY2NosZ2RukkAaXsMel9Sqy6d+egH2un5QXaVV+KbGP0TiEIgB4iOhig==",
      "cpu": [
        "x64"
      ],
      "dev": true,
      "optional": true,
      "os": [
        "darwin"
      ]
    },
    "node_modules/@rsbuild/shared/node_modules/@rspack/binding-linux-x64-gnu": {
      "version": "0.5.9-canary-8778e17-20240328104834",
      "resolved": "https://registry.npmjs.org/@rspack/binding-linux-x64-gnu/-/binding-linux-x64-gnu-0.5.9-canary-8778e17-20240328104834.tgz",
      "integrity": "sha512-Yolbu8npW90xVuhY84bzgqNX3/k4xJcTBPjzTQtxNxI2gXvoAroMqY2AQbaccJfvUUEOV0AFN63eT9lIwZ+HUw==",
      "cpu": [
        "x64"
      ],
      "dev": true,
      "optional": true,
      "os": [
        "linux"
      ]
    },
    "node_modules/@rsbuild/shared/node_modules/@rspack/binding-win32-x64-msvc": {
      "version": "0.5.9-canary-8778e17-20240328104834",
      "resolved": "https://registry.npmjs.org/@rspack/binding-win32-x64-msvc/-/binding-win32-x64-msvc-0.5.9-canary-8778e17-20240328104834.tgz",
      "integrity": "sha512-X0P47f9nn7s/GZshmKKLzlwir9JowGHnTlInWuStKB4NTcBkcH0TpuOl3mCDA2oksVUAOWC60baHmmMVpoiZPQ==",
      "cpu": [
        "x64"
      ],
      "dev": true,
      "optional": true,
      "os": [
        "win32"
      ]
    },
    "node_modules/@rsbuild/shared/node_modules/@rspack/core": {
      "version": "0.5.9-canary-8778e17-20240328104834",
      "resolved": "https://registry.npmjs.org/@rspack/core/-/core-0.5.9-canary-8778e17-20240328104834.tgz",
      "integrity": "sha512-Dzi1OGoGDO9udyH3Msuwhi6j7PlwsPI7Z5MkaiUTuwzkp8zGqNa+zykY8ZCMrbwQ3uDS1HkNlQgT6Oc9HheqhQ==",
      "dev": true,
      "dependencies": {
        "@module-federation/runtime-tools": "0.0.8",
        "@rspack/binding": "0.5.9-canary-8778e17-20240328104834",
        "browserslist": "^4.21.3",
        "enhanced-resolve": "5.12.0",
        "events": "^3.3.0",
        "graceful-fs": "4.2.10",
        "json-parse-even-better-errors": "^3.0.0",
        "neo-async": "2.6.2",
        "tapable": "2.2.1",
        "watchpack": "^2.4.0",
        "webpack-sources": "3.2.3",
        "zod": "^3.21.4",
        "zod-validation-error": "1.3.1"
      },
      "engines": {
        "node": ">=16.0.0"
      },
      "peerDependencies": {
        "@swc/helpers": ">=0.5.1"
      },
      "peerDependenciesMeta": {
        "@swc/helpers": {
          "optional": true
        }
      }
    },
    "node_modules/@rspack/binding": {
      "version": "0.5.9",
      "resolved": "https://registry.npmjs.org/@rspack/binding/-/binding-0.5.9.tgz",
      "integrity": "sha512-6/+m+V3kf2CPmtB3DPziHdxJVxDi52Y3QRRH6bD5uvUtdS+Y48ICtvwUMREoC3yrZ5wCpe6j7J48iTLYn4toWQ==",
      "dev": true,
      "optional": true,
      "peer": true,
      "optionalDependencies": {
        "@rspack/binding-darwin-arm64": "0.5.9",
        "@rspack/binding-darwin-x64": "0.5.9",
        "@rspack/binding-linux-arm64-gnu": "0.5.9",
        "@rspack/binding-linux-arm64-musl": "0.5.9",
        "@rspack/binding-linux-x64-gnu": "0.5.9",
        "@rspack/binding-linux-x64-musl": "0.5.9",
        "@rspack/binding-win32-arm64-msvc": "0.5.9",
        "@rspack/binding-win32-ia32-msvc": "0.5.9",
        "@rspack/binding-win32-x64-msvc": "0.5.9"
      }
    },
    "node_modules/@rspack/binding-darwin-arm64": {
      "version": "0.5.9",
      "resolved": "https://registry.npmjs.org/@rspack/binding-darwin-arm64/-/binding-darwin-arm64-0.5.9.tgz",
      "integrity": "sha512-IIClT4d5O7Ays6QrZG06eMYFYY4PwGpcRNChbeKkl3v+CgNshmsPHASnQ6HQjwilcnFw252Hb7ayz0IJGrArHQ==",
      "cpu": [
        "arm64"
      ],
      "dev": true,
      "optional": true,
      "os": [
        "darwin"
      ],
      "peer": true
    },
    "node_modules/@rspack/binding-darwin-x64": {
      "version": "0.5.9",
      "resolved": "https://registry.npmjs.org/@rspack/binding-darwin-x64/-/binding-darwin-x64-0.5.9.tgz",
      "integrity": "sha512-K3ijbHCR5ZgT69gR3LK8Zz9f+moMtqe87K7mu/6dms5n2eA/JrtZK/6qFaWKypgjySdwM6uNmff2FkJCJdRl/g==",
      "cpu": [
        "x64"
      ],
      "dev": true,
      "optional": true,
      "os": [
        "darwin"
      ],
      "peer": true
    },
    "node_modules/@rspack/binding-linux-arm64-gnu": {
      "version": "0.5.9",
      "resolved": "https://registry.npmjs.org/@rspack/binding-linux-arm64-gnu/-/binding-linux-arm64-gnu-0.5.9.tgz",
      "integrity": "sha512-sc0fp4CEt3sgafrDUV5hTLDErlarmsazPGkxdJPb5TGVYjiKaYxM6AtH1ZTEDP1DmDtCvBUutfbdO6pzXFDGSA==",
      "cpu": [
        "arm64"
      ],
      "dev": true,
      "optional": true,
      "os": [
        "linux"
      ],
      "peer": true
    },
    "node_modules/@rspack/binding-linux-arm64-musl": {
      "version": "0.5.9",
      "resolved": "https://registry.npmjs.org/@rspack/binding-linux-arm64-musl/-/binding-linux-arm64-musl-0.5.9.tgz",
      "integrity": "sha512-clhkNsNi76pTYtZz1U95R36AdZZH2eXbBWb0g17okCt4aXfJoHWIViDvHWvVmU9318repxwww3rR0ImbLskZiw==",
      "cpu": [
        "arm64"
      ],
      "dev": true,
      "optional": true,
      "os": [
        "linux"
      ],
      "peer": true
    },
    "node_modules/@rspack/binding-linux-x64-gnu": {
      "version": "0.5.9",
      "resolved": "https://registry.npmjs.org/@rspack/binding-linux-x64-gnu/-/binding-linux-x64-gnu-0.5.9.tgz",
      "integrity": "sha512-bC69vwrG9R/kdpEuDXP/IleedCWR97d0GRLJFAapc2rPoFRI3vnuQVzp8+nX7CA1k2n6tfOJlOvaWLIik3hzXw==",
      "cpu": [
        "x64"
      ],
      "dev": true,
      "optional": true,
      "os": [
        "linux"
      ],
      "peer": true
    },
    "node_modules/@rspack/binding-linux-x64-musl": {
      "version": "0.5.9",
      "resolved": "https://registry.npmjs.org/@rspack/binding-linux-x64-musl/-/binding-linux-x64-musl-0.5.9.tgz",
      "integrity": "sha512-QGDcWKlLCunBW1/zIvPq6HkIt7920WVhY+ONFGd12owPUEveZTVxWYr64ROJqtIFueWFZYY4FFX6uwCpmH2hrQ==",
      "cpu": [
        "x64"
      ],
      "dev": true,
      "optional": true,
      "os": [
        "linux"
      ],
      "peer": true
    },
    "node_modules/@rspack/binding-win32-arm64-msvc": {
      "version": "0.5.9",
      "resolved": "https://registry.npmjs.org/@rspack/binding-win32-arm64-msvc/-/binding-win32-arm64-msvc-0.5.9.tgz",
      "integrity": "sha512-57ux9VmD4tIPBAM9G6cgGUjKX2AVLln+DJ3E2+OZV430w09NUoXmwt9THIm2cCaiExMlo0rZpgaEOsRbG1asBQ==",
      "cpu": [
        "arm64"
      ],
      "dev": true,
      "optional": true,
      "os": [
        "win32"
      ],
      "peer": true
    },
    "node_modules/@rspack/binding-win32-ia32-msvc": {
      "version": "0.5.9",
      "resolved": "https://registry.npmjs.org/@rspack/binding-win32-ia32-msvc/-/binding-win32-ia32-msvc-0.5.9.tgz",
      "integrity": "sha512-DbV4fyZjvEZQi8lDttelP3ctvljfOc4rtElV0rFHzx78MCR7yBqhjLZwy0Y0x3x4SsVlxXyCAL1yXaUKL+Zoiw==",
      "cpu": [
        "ia32"
      ],
      "dev": true,
      "optional": true,
      "os": [
        "win32"
      ],
      "peer": true
    },
    "node_modules/@rspack/binding-win32-x64-msvc": {
      "version": "0.5.9",
      "resolved": "https://registry.npmjs.org/@rspack/binding-win32-x64-msvc/-/binding-win32-x64-msvc-0.5.9.tgz",
      "integrity": "sha512-3FI/6hgsI/g42r+N2gfzs6k5P18X+3WcmT+VMX4Z3BvEi8L6nj6XlFRb/UOBac30/ohl435eEFVWjmyzdvS7Cw==",
      "cpu": [
        "x64"
      ],
      "dev": true,
      "optional": true,
      "os": [
        "win32"
      ],
      "peer": true
    },
    "node_modules/@rspack/core": {
      "version": "0.5.9",
      "resolved": "https://registry.npmjs.org/@rspack/core/-/core-0.5.9.tgz",
      "integrity": "sha512-SNz6PS+LD5AFUnX75m5F1GULHPyoDx8v6A6zf5FQSF4CwZ+lGz47Fa2gRTTcQNXp3Fp+7v5m1q8TrSukV3yHwA==",
      "dev": true,
      "optional": true,
      "peer": true,
      "dependencies": {
        "@module-federation/runtime-tools": "0.0.8",
        "@rspack/binding": "0.5.9",
        "browserslist": "^4.21.3",
        "enhanced-resolve": "5.12.0",
        "events": "^3.3.0",
        "graceful-fs": "4.2.10",
        "json-parse-even-better-errors": "^3.0.0",
        "neo-async": "2.6.2",
        "tapable": "2.2.1",
        "watchpack": "^2.4.0",
        "webpack-sources": "3.2.3",
        "zod": "^3.21.4",
        "zod-validation-error": "1.3.1"
      },
      "engines": {
        "node": ">=16.0.0"
      },
      "peerDependencies": {
        "@swc/helpers": ">=0.5.1"
      },
      "peerDependenciesMeta": {
        "@swc/helpers": {
          "optional": true
        }
      }
    },
    "node_modules/@rspack/plugin-react-refresh": {
      "version": "0.5.9-canary-8778e17-20240328104834",
      "resolved": "https://registry.npmjs.org/@rspack/plugin-react-refresh/-/plugin-react-refresh-0.5.9-canary-8778e17-20240328104834.tgz",
      "integrity": "sha512-bycpjZfoDV5acHp9V3IY5n6L4qjkzFD36bl8A2GWjjEHrurAnFWefJ88c/uaETBEzjMuoP1FJEbiIkwprnFm1A==",
      "dev": true,
      "peerDependencies": {
        "react-refresh": ">=0.10.0 <1.0.0"
      },
      "peerDependenciesMeta": {
        "react-refresh": {
          "optional": true
        }
      }
    },
    "node_modules/@swc/helpers": {
      "version": "0.5.3",
      "resolved": "https://registry.npmjs.org/@swc/helpers/-/helpers-0.5.3.tgz",
      "integrity": "sha512-FaruWX6KdudYloq1AHD/4nU+UsMTdNE8CKyrseXWEcgjDAbvkwJg2QGPAnfIJLIWsjZOSPLOAykK6fuYp4vp4A==",
      "dev": true,
      "dependencies": {
        "tslib": "^2.4.0"
      }
    },
    "node_modules/@types/prop-types": {
      "version": "15.7.12",
      "resolved": "https://registry.npmjs.org/@types/prop-types/-/prop-types-15.7.12.tgz",
      "integrity": "sha512-5zvhXYtRNRluoE/jAp4GVsSduVUzNWKkOZrCDBWYtE7biZywwdC2AcEzg+cSMLFRfVgeAFqpfNabiPjxFddV1Q==",
      "dev": true
    },
    "node_modules/@types/react": {
      "version": "18.2.73",
      "resolved": "https://registry.npmjs.org/@types/react/-/react-18.2.73.tgz",
      "integrity": "sha512-XcGdod0Jjv84HOC7N5ziY3x+qL0AfmubvKOZ9hJjJ2yd5EE+KYjWhdOjt387e9HPheHkdggF9atTifMRtyAaRA==",
      "dev": true,
      "dependencies": {
        "@types/prop-types": "*",
        "csstype": "^3.0.2"
      }
    },
    "node_modules/@types/react-dom": {
      "version": "18.2.23",
      "resolved": "https://registry.npmjs.org/@types/react-dom/-/react-dom-18.2.23.tgz",
      "integrity": "sha512-ZQ71wgGOTmDYpnav2knkjr3qXdAFu0vsk8Ci5w3pGAIdj7/kKAyn+VsQDhXsmzzzepAiI9leWMmubXz690AI/A==",
      "dev": true,
      "dependencies": {
        "@types/react": "*"
      }
    },
    "node_modules/@vscode/webview-ui-toolkit": {
      "version": "1.4.0",
      "resolved": "https://registry.npmjs.org/@vscode/webview-ui-toolkit/-/webview-ui-toolkit-1.4.0.tgz",
      "integrity": "sha512-modXVHQkZLsxgmd5yoP3ptRC/G8NBDD+ob+ngPiWNQdlrH6H1xR/qgOBD85bfU3BhOB5sZzFWBwwhp9/SfoHww==",
      "dependencies": {
        "@microsoft/fast-element": "^1.12.0",
        "@microsoft/fast-foundation": "^2.49.4",
        "@microsoft/fast-react-wrapper": "^0.3.22",
        "tslib": "^2.6.2"
      },
      "peerDependencies": {
        "react": ">=16.9.0"
      }
    },
    "node_modules/browserslist": {
      "version": "4.23.0",
      "resolved": "https://registry.npmjs.org/browserslist/-/browserslist-4.23.0.tgz",
      "integrity": "sha512-QW8HiM1shhT2GuzkvklfjcKDiWFXHOeFCIA/huJPwHsslwcydgk7X+z2zXpEijP98UCY7HbubZt5J2Zgvf0CaQ==",
      "dev": true,
      "funding": [
        {
          "type": "opencollective",
          "url": "https://opencollective.com/browserslist"
        },
        {
          "type": "tidelift",
          "url": "https://tidelift.com/funding/github/npm/browserslist"
        },
        {
          "type": "github",
          "url": "https://github.com/sponsors/ai"
        }
      ],
      "dependencies": {
        "caniuse-lite": "^1.0.30001587",
        "electron-to-chromium": "^1.4.668",
        "node-releases": "^2.0.14",
        "update-browserslist-db": "^1.0.13"
      },
      "bin": {
        "browserslist": "cli.js"
      },
      "engines": {
        "node": "^6 || ^7 || ^8 || ^9 || ^10 || ^11 || ^12 || >=13.7"
      }
    },
    "node_modules/caniuse-lite": {
      "version": "1.0.30001603",
      "resolved": "https://registry.npmjs.org/caniuse-lite/-/caniuse-lite-1.0.30001603.tgz",
      "integrity": "sha512-iL2iSS0eDILMb9n5yKQoTBim9jMZ0Yrk8g0N9K7UzYyWnfIKzXBZD5ngpM37ZcL/cv0Mli8XtVMRYMQAfFpi5Q==",
      "dev": true,
      "funding": [
        {
          "type": "opencollective",
          "url": "https://opencollective.com/browserslist"
        },
        {
          "type": "tidelift",
          "url": "https://tidelift.com/funding/github/npm/caniuse-lite"
        },
        {
          "type": "github",
          "url": "https://github.com/sponsors/ai"
        }
      ]
    },
    "node_modules/core-js": {
      "version": "3.36.1",
      "resolved": "https://registry.npmjs.org/core-js/-/core-js-3.36.1.tgz",
      "integrity": "sha512-BTvUrwxVBezj5SZ3f10ImnX2oRByMxql3EimVqMysepbC9EeMUOpLwdy6Eoili2x6E4kf+ZUB5k/+Jv55alPfA==",
      "dev": true,
      "hasInstallScript": true,
      "funding": {
        "type": "opencollective",
        "url": "https://opencollective.com/core-js"
      }
    },
    "node_modules/csstype": {
      "version": "3.1.3",
      "resolved": "https://registry.npmjs.org/csstype/-/csstype-3.1.3.tgz",
      "integrity": "sha512-M1uQkMl8rQK/szD0LNhtqxIPLpimGm8sOBwU7lLnCpSbTyY3yeU1Vc7l4KT5zT4s/yOxHH5O7tIuuLOCnLADRw==",
      "dev": true
    },
    "node_modules/electron-to-chromium": {
      "version": "1.4.722",
      "resolved": "https://registry.npmjs.org/electron-to-chromium/-/electron-to-chromium-1.4.722.tgz",
      "integrity": "sha512-5nLE0TWFFpZ80Crhtp4pIp8LXCztjYX41yUcV6b+bKR2PqzjskTMOOlBi1VjBHlvHwS+4gar7kNKOrsbsewEZQ==",
      "dev": true
    },
    "node_modules/enhanced-resolve": {
      "version": "5.12.0",
      "resolved": "https://registry.npmjs.org/enhanced-resolve/-/enhanced-resolve-5.12.0.tgz",
      "integrity": "sha512-QHTXI/sZQmko1cbDoNAa3mJ5qhWUUNAq3vR0/YiD379fWQrcfuoX1+HW2S0MTt7XmoPLapdaDKUtelUSPic7hQ==",
      "dev": true,
      "dependencies": {
        "graceful-fs": "^4.2.4",
        "tapable": "^2.2.0"
      },
      "engines": {
        "node": ">=10.13.0"
      }
    },
    "node_modules/escalade": {
      "version": "3.1.2",
      "resolved": "https://registry.npmjs.org/escalade/-/escalade-3.1.2.tgz",
      "integrity": "sha512-ErCHMCae19vR8vQGe50xIsVomy19rg6gFu3+r3jkEO46suLMWBksvVyoGgQV+jOfl84ZSOSlmv6Gxa89PmTGmA==",
      "dev": true,
      "engines": {
        "node": ">=6"
      }
    },
    "node_modules/events": {
      "version": "3.3.0",
      "resolved": "https://registry.npmjs.org/events/-/events-3.3.0.tgz",
      "integrity": "sha512-mQw+2fkQbALzQ7V0MY0IqdnXNOeTtP4r0lN9z7AAawCXgqea7bDii20AYrIBrFd/Hx0M2Ocz6S111CaFkUcb0Q==",
      "dev": true,
      "engines": {
        "node": ">=0.8.x"
      }
    },
    "node_modules/exenv-es6": {
      "version": "1.1.1",
      "resolved": "https://registry.npmjs.org/exenv-es6/-/exenv-es6-1.1.1.tgz",
      "integrity": "sha512-vlVu3N8d6yEMpMsEm+7sUBAI81aqYYuEvfK0jNqmdb/OPXzzH7QWDDnVjMvDSY47JdHEqx/dfC/q8WkfoTmpGQ=="
    },
    "node_modules/glob-to-regexp": {
      "version": "0.4.1",
      "resolved": "https://registry.npmjs.org/glob-to-regexp/-/glob-to-regexp-0.4.1.tgz",
      "integrity": "sha512-lkX1HJXwyMcprw/5YUZc2s7DrpAiHB21/V+E1rHUrVNokkvB6bqMzT0VfV6/86ZNabt1k14YOIaT7nDvOX3Iiw==",
      "dev": true
    },
    "node_modules/graceful-fs": {
      "version": "4.2.10",
      "resolved": "https://registry.npmjs.org/graceful-fs/-/graceful-fs-4.2.10.tgz",
      "integrity": "sha512-9ByhssR2fPVsNZj478qUUbKfmL0+t5BDVyjShtyZZLiK7ZDAArFFfopyOTj0M05wE2tJPisA4iTnnXl2YoPvOA==",
      "dev": true
    },
    "node_modules/html-webpack-plugin": {
      "name": "html-rspack-plugin",
      "version": "5.6.2",
      "resolved": "https://registry.npmjs.org/html-rspack-plugin/-/html-rspack-plugin-5.6.2.tgz",
      "integrity": "sha512-cPGwV3odvKJ7DBAG/DxF5e0nMMvBl1zGfyDciT2xMETRrIwajwC7LtEB3cf7auoGMK6xJOOLjWJgaKHLu/FzkQ==",
      "dev": true,
      "dependencies": {
        "lodash": "^4.17.21",
        "tapable": "^2.0.0"
      },
      "engines": {
        "node": ">=10.13.0"
      },
      "funding": {
        "type": "opencollective",
        "url": "https://opencollective.com/html-webpack-plugin"
      },
      "peerDependencies": {
        "@rspack/core": "0.x || 1.x"
      },
      "peerDependenciesMeta": {
        "@rspack/core": {
          "optional": true
        }
      }
    },
    "node_modules/iconify-icon": {
      "version": "2.1.0",
      "resolved": "https://registry.npmjs.org/iconify-icon/-/iconify-icon-2.1.0.tgz",
      "integrity": "sha512-lto4XU3bwTQnb+D/CsJ4dWAo0aDe+uPMxEtxyOodw9l7R9QnJUUab3GCehlw2M8mDHdeUu/ufx8PvRQiJphhXg==",
      "dependencies": {
        "@iconify/types": "^2.0.0"
      },
      "funding": {
        "url": "https://github.com/sponsors/cyberalien"
      }
    },
    "node_modules/js-tokens": {
      "version": "4.0.0",
      "resolved": "https://registry.npmjs.org/js-tokens/-/js-tokens-4.0.0.tgz",
      "integrity": "sha512-RdJUflcE3cUzKiMqQgsCu06FPu9UdIJO0beYbPhHN4k6apgJtifcoCtT9bcxOpYBtpD2kCM6Sbzg4CausW/PKQ=="
    },
    "node_modules/json-parse-even-better-errors": {
      "version": "3.0.1",
      "resolved": "https://registry.npmjs.org/json-parse-even-better-errors/-/json-parse-even-better-errors-3.0.1.tgz",
      "integrity": "sha512-aatBvbL26wVUCLmbWdCpeu9iF5wOyWpagiKkInA+kfws3sWdBrTnsvN2CKcyCYyUrc7rebNBlK6+kteg7ksecg==",
      "dev": true,
      "engines": {
        "node": "^14.17.0 || ^16.13.0 || >=18.0.0"
      }
    },
    "node_modules/lodash": {
      "version": "4.17.21",
      "resolved": "https://registry.npmjs.org/lodash/-/lodash-4.17.21.tgz",
      "integrity": "sha512-v2kDEe57lecTulaDIuNTPy3Ry4gLGJ6Z1O3vE1krgXZNrsQ+LFTGHVxVjcXPs17LhbZVGedAJv8XZ1tvj5FvSg==",
      "dev": true
    },
    "node_modules/loose-envify": {
      "version": "1.4.0",
      "resolved": "https://registry.npmjs.org/loose-envify/-/loose-envify-1.4.0.tgz",
      "integrity": "sha512-lyuxPGr/Wfhrlem2CL/UcnUc1zcqKAImBDzukY7Y5F/yQiNdko6+fRLevlw1HgMySw7f611UIY408EtxRSoK3Q==",
      "dependencies": {
        "js-tokens": "^3.0.0 || ^4.0.0"
      },
      "bin": {
        "loose-envify": "cli.js"
      }
    },
    "node_modules/nanoid": {
      "version": "3.3.7",
      "resolved": "https://registry.npmjs.org/nanoid/-/nanoid-3.3.7.tgz",
      "integrity": "sha512-eSRppjcPIatRIMC1U6UngP8XFcz8MQWGQdt1MTBQ7NaAmvXDfvNxbvWV3x2y6CdEUciCSsDHDQZbhYaB8QEo2g==",
      "dev": true,
      "funding": [
        {
          "type": "github",
          "url": "https://github.com/sponsors/ai"
        }
      ],
      "bin": {
        "nanoid": "bin/nanoid.cjs"
      },
      "engines": {
        "node": "^10 || ^12 || ^13.7 || ^14 || >=15.0.1"
      }
    },
    "node_modules/neo-async": {
      "version": "2.6.2",
      "resolved": "https://registry.npmjs.org/neo-async/-/neo-async-2.6.2.tgz",
      "integrity": "sha512-Yd3UES5mWCSqR+qNT93S3UoYUkqAZ9lLg8a7g9rimsWmYGK8cVToA4/sF3RrshdyV3sAGMXVUmpMYOw+dLpOuw==",
      "dev": true
    },
    "node_modules/node-releases": {
      "version": "2.0.14",
      "resolved": "https://registry.npmjs.org/node-releases/-/node-releases-2.0.14.tgz",
      "integrity": "sha512-y10wOWt8yZpqXmOgRo77WaHEmhYQYGNA6y421PKsKYWEK8aW+cqAphborZDhqfyKrbZEN92CN1X2KbafY2s7Yw==",
      "dev": true
    },
    "node_modules/pathe": {
      "version": "1.1.2",
      "resolved": "https://registry.npmjs.org/pathe/-/pathe-1.1.2.tgz",
      "integrity": "sha512-whLdWMYL2TwI08hn8/ZqAbrVemu0LNaNNJZX73O6qaIdCTfXutsLhMkjdENX0qhsQ9uIimo4/aQOmXkoon2nDQ=="
    },
    "node_modules/picocolors": {
      "version": "1.0.0",
      "resolved": "https://registry.npmjs.org/picocolors/-/picocolors-1.0.0.tgz",
      "integrity": "sha512-1fygroTLlHu66zi26VoTDv8yRgm0Fccecssto+MhsZ0D/DGW2sm8E8AjW7NU5VVTRt5GxbeZ5qBuJr+HyLYkjQ==",
      "dev": true
    },
    "node_modules/postcss": {
      "version": "8.4.38",
      "resolved": "https://registry.npmjs.org/postcss/-/postcss-8.4.38.tgz",
      "integrity": "sha512-Wglpdk03BSfXkHoQa3b/oulrotAkwrlLDRSOb9D0bN86FdRyE9lppSp33aHNPgBa0JKCoB+drFLZkQoRRYae5A==",
      "dev": true,
      "funding": [
        {
          "type": "opencollective",
          "url": "https://opencollective.com/postcss/"
        },
        {
          "type": "tidelift",
          "url": "https://tidelift.com/funding/github/npm/postcss"
        },
        {
          "type": "github",
          "url": "https://github.com/sponsors/ai"
        }
      ],
      "dependencies": {
        "nanoid": "^3.3.7",
        "picocolors": "^1.0.0",
        "source-map-js": "^1.2.0"
      },
      "engines": {
        "node": "^10 || ^12 || >=14"
      }
    },
    "node_modules/react": {
      "version": "18.2.0",
      "resolved": "https://registry.npmjs.org/react/-/react-18.2.0.tgz",
      "integrity": "sha512-/3IjMdb2L9QbBdWiW5e3P2/npwMBaU9mHCSCUzNln0ZCYbcfTsGbTJrU/kGemdH2IWmB2ioZ+zkxtmq6g09fGQ==",
      "dependencies": {
        "loose-envify": "^1.1.0"
      },
      "engines": {
        "node": ">=0.10.0"
      }
    },
    "node_modules/react-dom": {
      "version": "18.2.0",
      "resolved": "https://registry.npmjs.org/react-dom/-/react-dom-18.2.0.tgz",
      "integrity": "sha512-6IMTriUmvsjHUjNtEDudZfuDQUoWXVxKHhlEGSk81n4YFS+r/Kl99wXiwlVXtPBtJenozv2P+hxDsw9eA7Xo6g==",
      "dependencies": {
        "loose-envify": "^1.1.0",
        "scheduler": "^0.23.0"
      },
      "peerDependencies": {
        "react": "^18.2.0"
      }
    },
    "node_modules/react-icons": {
      "version": "5.0.1",
      "resolved": "https://registry.npmjs.org/react-icons/-/react-icons-5.0.1.tgz",
      "integrity": "sha512-WqLZJ4bLzlhmsvme6iFdgO8gfZP17rfjYEJ2m9RsZjZ+cc4k1hTzknEz63YS1MeT50kVzoa1Nz36f4BEx+Wigw==",
      "peerDependencies": {
        "react": "*"
      }
    },
    "node_modules/react-refresh": {
      "version": "0.14.0",
      "resolved": "https://registry.npmjs.org/react-refresh/-/react-refresh-0.14.0.tgz",
      "integrity": "sha512-wViHqhAd8OHeLS/IRMJjTSDHF3U9eWi62F/MledQGPdJGDhodXJ9PBLNGr6WWL7qlH12Mt3TyTpbS+hGXMjCzQ==",
      "dev": true,
      "engines": {
        "node": ">=0.10.0"
      }
    },
    "node_modules/scheduler": {
      "version": "0.23.0",
      "resolved": "https://registry.npmjs.org/scheduler/-/scheduler-0.23.0.tgz",
      "integrity": "sha512-CtuThmgHNg7zIZWAXi3AsyIzA3n4xx7aNyjwC2VJldO2LMVDhFK+63xGqq6CsJH4rTAt6/M+N4GhZiDYPx9eUw==",
      "dependencies": {
        "loose-envify": "^1.1.0"
      }
    },
    "node_modules/source-map-js": {
      "version": "1.2.0",
      "resolved": "https://registry.npmjs.org/source-map-js/-/source-map-js-1.2.0.tgz",
      "integrity": "sha512-itJW8lvSA0TXEphiRoawsCksnlf8SyvmFzIhltqAHluXd88pkCd+cXJVHTDwdCr0IzwptSm035IHQktUu1QUMg==",
      "dev": true,
      "engines": {
        "node": ">=0.10.0"
      }
    },
    "node_modules/tabbable": {
      "version": "5.3.3",
      "resolved": "https://registry.npmjs.org/tabbable/-/tabbable-5.3.3.tgz",
      "integrity": "sha512-QD9qKY3StfbZqWOPLp0++pOrAVb/HbUi5xCc8cUo4XjP19808oaMiDzn0leBY5mCespIBM0CIZePzZjgzR83kA=="
    },
    "node_modules/tailwindcss": {
      "version": "4.0.0-alpha.14",
      "resolved": "https://registry.npmjs.org/tailwindcss/-/tailwindcss-4.0.0-alpha.14.tgz",
      "integrity": "sha512-7qAhQPrsWyaaDk0IjOEhTEdgDWsN0MjB3kk38DxK5vXqPJ7C57FYlARA6vrE36WL0K/mYdAA54vWJbWbDfoVcQ=="
    },
    "node_modules/tapable": {
      "version": "2.2.1",
      "resolved": "https://registry.npmjs.org/tapable/-/tapable-2.2.1.tgz",
      "integrity": "sha512-GNzQvQTOIP6RyTfE2Qxb8ZVlNmw0n88vp1szwWRimP02mnTsx3Wtn5qRdqY9w2XduFNUgvOwhNnQsjwCp+kqaQ==",
      "dev": true,
      "engines": {
        "node": ">=6"
      }
    },
    "node_modules/tslib": {
      "version": "2.6.2",
      "resolved": "https://registry.npmjs.org/tslib/-/tslib-2.6.2.tgz",
      "integrity": "sha512-AEYxH93jGFPn/a2iVAwW87VuUIkR1FVUKB77NwMF7nBTDkDrrT/Hpt/IrCJ0QXhW27jTBDcf5ZY7w6RiqTMw2Q=="
    },
    "node_modules/typescript": {
      "version": "5.4.3",
      "resolved": "https://registry.npmjs.org/typescript/-/typescript-5.4.3.tgz",
      "integrity": "sha512-KrPd3PKaCLr78MalgiwJnA25Nm8HAmdwN3mYUYZgG/wizIo9EainNVQI9/yDavtVFRN2h3k8uf3GLHuhDMgEHg==",
      "dev": true,
      "bin": {
        "tsc": "bin/tsc",
        "tsserver": "bin/tsserver"
      },
      "engines": {
        "node": ">=14.17"
      }
    },
    "node_modules/update-browserslist-db": {
      "version": "1.0.13",
      "resolved": "https://registry.npmjs.org/update-browserslist-db/-/update-browserslist-db-1.0.13.tgz",
      "integrity": "sha512-xebP81SNcPuNpPP3uzeW1NYXxI3rxyJzF3pD6sH4jE7o/IX+WtSpwnVU+qIsDPyk0d3hmFQ7mjqc6AtV604hbg==",
      "dev": true,
      "funding": [
        {
          "type": "opencollective",
          "url": "https://opencollective.com/browserslist"
        },
        {
          "type": "tidelift",
          "url": "https://tidelift.com/funding/github/npm/browserslist"
        },
        {
          "type": "github",
          "url": "https://github.com/sponsors/ai"
        }
      ],
      "dependencies": {
        "escalade": "^3.1.1",
        "picocolors": "^1.0.0"
      },
      "bin": {
        "update-browserslist-db": "cli.js"
      },
      "peerDependencies": {
        "browserslist": ">= 4.21.0"
      }
    },
    "node_modules/watchpack": {
      "version": "2.4.1",
      "resolved": "https://registry.npmjs.org/watchpack/-/watchpack-2.4.1.tgz",
      "integrity": "sha512-8wrBCMtVhqcXP2Sup1ctSkga6uc2Bx0IIvKyT7yTFier5AXHooSI+QyQQAtTb7+E0IUCCKyTFmXqdqgum2XWGg==",
      "dev": true,
      "dependencies": {
        "glob-to-regexp": "^0.4.1",
        "graceful-fs": "^4.1.2"
      },
      "engines": {
        "node": ">=10.13.0"
      }
    },
    "node_modules/webpack-sources": {
      "version": "3.2.3",
      "resolved": "https://registry.npmjs.org/webpack-sources/-/webpack-sources-3.2.3.tgz",
      "integrity": "sha512-/DyMEOrDgLKKIG0fmvtz+4dUX/3Ghozwgm6iPp8KRhvn+eQf9+Q7GWxVNMk3+uCPWfdXYC4ExGBckIXdFEfH1w==",
      "dev": true,
      "engines": {
        "node": ">=10.13.0"
      }
    },
    "node_modules/zod": {
      "version": "3.22.4",
      "resolved": "https://registry.npmjs.org/zod/-/zod-3.22.4.tgz",
      "integrity": "sha512-iC+8Io04lddc+mVqQ9AZ7OQ2MrUKGN+oIQyq1vemgt46jwCwLfhq7/pwnBnNXXXZb8VTVLKwp9EDkx+ryxIWmg==",
      "dev": true,
      "funding": {
        "url": "https://github.com/sponsors/colinhacks"
      }
    },
    "node_modules/zod-validation-error": {
      "version": "1.3.1",
      "resolved": "https://registry.npmjs.org/zod-validation-error/-/zod-validation-error-1.3.1.tgz",
      "integrity": "sha512-cNEXpla+tREtNdAnNKY4xKY1SGOn2yzyuZMu4O0RQylX9apRpUjNcPkEc3uHIAr5Ct7LenjZt6RzjEH6+JsqVQ==",
      "dev": true,
      "engines": {
        "node": ">=16.0.0"
      },
      "peerDependencies": {
        "zod": "^3.18.0"
      }
    }
  }
}
